{
  "name": "15-platzi-graphql",
  "version": "1.0.0",
  "lockfileVersion": 2,
  "requires": true,
  "packages": {
    "": {
      "name": "15-platzi-graphql",
      "version": "1.0.0",
      "license": "ISC",
      "dependencies": {
        "graphql": "^14.2.1"
      }
    },
    "node_modules/graphql": {
      "version": "14.2.1",
      "resolved": "https://registry.npmjs.org/graphql/-/graphql-14.2.1.tgz",
      "integrity": "sha512-2PL1UbvKeSjy/lUeJqHk+eR9CvuErXoCNwJI4jm3oNFEeY+9ELqHNKO1ZuSxAkasPkpWbmT/iMRMFxd3cEL3tQ==",
      "dependencies": {
        "iterall": "^1.2.2"
      },
      "engines": {
        "node": ">= 6.x"
      }
    },
    "node_modules/iterall": {
      "version": "1.3.0",
      "resolved": "https://registry.npmjs.org/iterall/-/iterall-1.3.0.tgz",
      "integrity": "sha512-QZ9qOMdF+QLHxy1QIpUHUU1D5pS2CG2P69LF6L6CPjPYA/XMOmKV3PZpawHoAjHNyB0swdVTRxdYT4tbBbxqwg=="
    }
  },
  "dependencies": {
    "graphql": {
      "version": "14.2.1",
      "resolved": "https://registry.npmjs.org/graphql/-/graphql-14.2.1.tgz",
      "integrity": "sha512-2PL1UbvKeSjy/lUeJqHk+eR9CvuErXoCNwJI4jm3oNFEeY+9ELqHNKO1ZuSxAkasPkpWbmT/iMRMFxd3cEL3tQ==",
      "requires": {
        "iterall": "^1.2.2"
      }
    },
    "iterall": {
      "version": "1.3.0",
      "resolved": "https://registry.npmjs.org/iterall/-/iterall-1.3.0.tgz",
      "integrity": "sha512-QZ9qOMdF+QLHxy1QIpUHUU1D5pS2CG2P69LF6L6CPjPYA/XMOmKV3PZpawHoAjHNyB0swdVTRxdYT4tbBbxqwg=="
    }
  }
}
